{
  "name": "web-dev",
  "version": "0.0.1",
  "lockfileVersion": 3,
  "requires": true,
  "packages": {
    "": {
      "name": "web-dev",
      "version": "0.0.1",
      "license": "MIT",
      "dependencies": {
        "smplr": "^0.15.1"
      },
      "devDependencies": {
        "qunit": "^2.21.1",
        "soundfont-player": "^0.12.0"
      }
    },
    "node_modules/adsr": {
      "version": "1.0.1",
      "resolved": "https://registry.npmjs.org/adsr/-/adsr-1.0.1.tgz",
      "integrity": "sha512-thr9LK4jxApOzBA33IWOA83bXJFbyfbeozpHXyrMQOIhUni198uRxXqDhobW0S/51iokqty2Yz2WbLZbE6tntQ==",
      "dev": true
    },
    "node_modules/audio-loader": {
      "version": "0.5.0",
      "resolved": "https://registry.npmjs.org/audio-loader/-/audio-loader-0.5.0.tgz",
      "integrity": "sha512-mEoYRjZhqkBSen/X9i2PNosqvafEsur8bI5MNoPr0wsJu9Nzlul3Yv1elYeMPsXxTxYhXLY8AZlScBvaK4mydg==",
      "dev": true
    },
    "node_modules/commander": {
      "version": "7.2.0",
      "resolved": "https://registry.npmjs.org/commander/-/commander-7.2.0.tgz",
      "integrity": "sha512-QrWXB+ZQSVPmIWIhtEO9H+gwHaMGYiF5ChvoJ+K9ZGHG/sVsa6yiesAD1GC/x46sET00Xlwo1u49RVVVzvcSkw==",
      "dev": true,
      "license": "MIT",
      "engines": {
        "node": ">= 10"
      }
    },
    "node_modules/globalyzer": {
      "version": "0.1.0",
      "resolved": "https://registry.npmjs.org/globalyzer/-/globalyzer-0.1.0.tgz",
      "integrity": "sha512-40oNTM9UfG6aBmuKxk/giHn5nQ8RVz/SS4Ir6zgzOv9/qC3kKZ9v4etGTcJbEl/NyVQH7FGU7d+X1egr57Md2Q==",
      "dev": true,
      "license": "MIT"
    },
    "node_modules/globrex": {
      "version": "0.1.2",
      "resolved": "https://registry.npmjs.org/globrex/-/globrex-0.1.2.tgz",
      "integrity": "sha512-uHJgbwAMwNFf5mLst7IWLNg14x1CkeqglJb/K3doi4dw6q2IvAAmM/Y81kevy83wP+Sst+nutFTYOGg3d1lsxg==",
      "dev": true,
      "license": "MIT"
    },
    "node_modules/midimessage": {
      "version": "1.0.5",
      "resolved": "https://registry.npmjs.org/midimessage/-/midimessage-1.0.5.tgz",
      "integrity": "sha512-MPJ2tDupFOfZB5/PLp8fri1IS4fd9hPj0Bio//FBhWRQ+TsJA7/49CF1aJyraDxa0Jq8zMHAwrwXl2GINvLvgw==",
      "dev": true
    },
    "node_modules/node-watch": {
      "version": "0.7.3",
      "resolved": "https://registry.npmjs.org/node-watch/-/node-watch-0.7.3.tgz",
      "integrity": "sha512-3l4E8uMPY1HdMMryPRUAl+oIHtXtyiTlIiESNSVSNxcPfzAFzeTbXFQkZfAwBbo0B1qMSG8nUABx+Gd+YrbKrQ==",
      "dev": true,
      "license": "MIT",
      "engines": {
        "node": ">=6"
      }
    },
    "node_modules/note-parser": {
      "version": "2.0.1",
      "resolved": "https://registry.npmjs.org/note-parser/-/note-parser-2.0.1.tgz",
      "integrity": "sha512-w9o6Fv46y3NsFxeezTZSmftBtUM/ypme6iZWVrTJvvsD5RN+w0XNDePWtfreNrZFL3jSjBFhadPoXb+pJO4UdA==",
      "dev": true
    },
    "node_modules/qunit": {
      "version": "2.21.1",
      "resolved": "https://registry.npmjs.org/qunit/-/qunit-2.21.1.tgz",
      "integrity": "sha512-SMA8IBZamI9MyVB4dShGpn6+X6plO8mIyfZTQ815XBvv/nVMeUj+yxsw8SgZVnrMlrAvTziJkmjOhaDwkNMHWQ==",
      "dev": true,
      "license": "MIT",
      "dependencies": {
        "commander": "7.2.0",
        "node-watch": "0.7.3",
        "tiny-glob": "0.2.9"
      },
      "bin": {
        "qunit": "bin/qunit.js"
      },
      "engines": {
        "node": ">=10"
      }
    },
    "node_modules/sample-player": {
      "version": "0.5.5",
      "resolved": "https://registry.npmjs.org/sample-player/-/sample-player-0.5.5.tgz",
      "integrity": "sha512-VQ9pXPJ1m/eTH8QK6OQ8Dn/HSVToNyY9w9vnv+y/yjkJeRm87tJ/gBEm66jItfSLhKe6VG1DfX8+oT+Mg7QUpg==",
      "dev": true,
      "dependencies": {
        "adsr": "^1.0.0",
        "midimessage": "^1.0.5",
        "note-parser": "^1.1.0"
      }
    },
    "node_modules/sample-player/node_modules/note-parser": {
      "version": "1.1.0",
      "resolved": "https://registry.npmjs.org/note-parser/-/note-parser-1.1.0.tgz",
      "integrity": "sha512-YTqWQBsRp40EFrEznnkGtmx68gcgOQ8CdoBspqGBA3G1/4mJwIYbDe/vuNpX3oGX2DhP7b1dBgTmj7p3Zr0P1Q==",
      "dev": true
    },
    "node_modules/smplr": {
      "version": "0.15.1",
      "resolved": "https://registry.npmjs.org/smplr/-/smplr-0.15.1.tgz",
      "integrity": "sha512-V2ZqDE2R9dEhvv6e8iMwf0mGebfrxCu00L9CllfdcWadV+soDlW/81dnlRYkD7ZJlMjetDSlhJHMdDDLeqKHRg==",
      "engines": {
        "node": ">=14.0.0"
      }
    },
    "node_modules/soundfont-player": {
      "version": "0.12.0",
      "resolved": "https://registry.npmjs.org/soundfont-player/-/soundfont-player-0.12.0.tgz",
      "integrity": "sha512-8BJIsAt7h1PK3thSZDgF6zecgGhYkK74JnZO8WRZi3h34qG6H/DYlnv7cpRvL7Q9C8N6qld4Qwj7nJsX1gYjEA==",
      "dev": true,
      "dependencies": {
        "audio-loader": "^0.5.0",
        "note-parser": "^2.0.0",
        "sample-player": "^0.5.5"
      }
    },
    "node_modules/tiny-glob": {
      "version": "0.2.9",
      "resolved": "https://registry.npmjs.org/tiny-glob/-/tiny-glob-0.2.9.tgz",
      "integrity": "sha512-g/55ssRPUjShh+xkfx9UPDXqhckHEsHr4Vd9zX55oSdGZc/MD0m3sferOkwWtp98bv+kcVfEHtRJgBVJzelrzg==",
      "dev": true,
      "license": "MIT",
      "dependencies": {
        "globalyzer": "0.1.0",
        "globrex": "^0.1.2"
      }
    }
  }
}
