{
  "name": "web-dev",
  "version": "0.0.1",
  "lockfileVersion": 3,
  "requires": true,
  "packages": {
    "": {
      "name": "web-dev",
      "version": "0.0.1",
      "license": "MIT",
      "dependencies": {
        "smplr": "^0.15.1"
      },
      "devDependencies": {
        "qunit": "^2.21.1",
        "sinon": "^19.0.2",
        "soundfont-player": "^0.12.0"
      }
    },
    "node_modules/@sinonjs/commons": {
      "version": "3.0.1",
      "resolved": "https://registry.npmjs.org/@sinonjs/commons/-/commons-3.0.1.tgz",
      "integrity": "sha512-K3mCHKQ9sVh8o1C9cxkwxaOmXoAMlDxC1mYyHrjqOWEcBjYr76t96zL2zlj5dUGZ3HSw240X1qgH3Mjf1yJWpQ==",
      "dev": true,
      "dependencies": {
        "type-detect": "4.0.8"
      }
    },
    "node_modules/@sinonjs/fake-timers": {
      "version": "13.0.5",
      "resolved": "https://registry.npmjs.org/@sinonjs/fake-timers/-/fake-timers-13.0.5.tgz",
      "integrity": "sha512-36/hTbH2uaWuGVERyC6da9YwGWnzUZXuPro/F2LfsdOsLnCojz/iSH8MxUt/FD2S5XBSVPhmArFUXcpCQ2Hkiw==",
      "dev": true,
      "dependencies": {
        "@sinonjs/commons": "^3.0.1"
      }
    },
    "node_modules/@sinonjs/samsam": {
      "version": "8.0.2",
      "resolved": "https://registry.npmjs.org/@sinonjs/samsam/-/samsam-8.0.2.tgz",
      "integrity": "sha512-v46t/fwnhejRSFTGqbpn9u+LQ9xJDse10gNnPgAcxgdoCDMXj/G2asWAC/8Qs+BAZDicX+MNZouXT1A7c83kVw==",
      "dev": true,
      "dependencies": {
        "@sinonjs/commons": "^3.0.1",
        "lodash.get": "^4.4.2",
        "type-detect": "^4.1.0"
      }
    },
    "node_modules/@sinonjs/samsam/node_modules/type-detect": {
      "version": "4.1.0",
      "resolved": "https://registry.npmjs.org/type-detect/-/type-detect-4.1.0.tgz",
      "integrity": "sha512-Acylog8/luQ8L7il+geoSxhEkazvkslg7PSNKOX59mbB9cOveP5aq9h74Y7YU8yDpJwetzQQrfIwtf4Wp4LKcw==",
      "dev": true,
      "engines": {
        "node": ">=4"
      }
    },
    "node_modules/@sinonjs/text-encoding": {
      "version": "0.7.3",
      "resolved": "https://registry.npmjs.org/@sinonjs/text-encoding/-/text-encoding-0.7.3.tgz",
      "integrity": "sha512-DE427ROAphMQzU4ENbliGYrBSYPXF+TtLg9S8vzeA+OF4ZKzoDdzfL8sxuMUGS/lgRhM6j1URSk9ghf7Xo1tyA==",
      "dev": true
    },
    "node_modules/adsr": {
      "version": "1.0.1",
      "resolved": "https://registry.npmjs.org/adsr/-/adsr-1.0.1.tgz",
      "integrity": "sha512-thr9LK4jxApOzBA33IWOA83bXJFbyfbeozpHXyrMQOIhUni198uRxXqDhobW0S/51iokqty2Yz2WbLZbE6tntQ==",
      "dev": true
    },
    "node_modules/audio-loader": {
      "version": "0.5.0",
      "resolved": "https://registry.npmjs.org/audio-loader/-/audio-loader-0.5.0.tgz",
      "integrity": "sha512-mEoYRjZhqkBSen/X9i2PNosqvafEsur8bI5MNoPr0wsJu9Nzlul3Yv1elYeMPsXxTxYhXLY8AZlScBvaK4mydg==",
      "dev": true
    },
    "node_modules/commander": {
      "version": "7.2.0",
      "resolved": "https://registry.npmjs.org/commander/-/commander-7.2.0.tgz",
      "integrity": "sha512-QrWXB+ZQSVPmIWIhtEO9H+gwHaMGYiF5ChvoJ+K9ZGHG/sVsa6yiesAD1GC/x46sET00Xlwo1u49RVVVzvcSkw==",
      "dev": true,
      "license": "MIT",
      "engines": {
        "node": ">= 10"
      }
    },
    "node_modules/diff": {
      "version": "7.0.0",
      "resolved": "https://registry.npmjs.org/diff/-/diff-7.0.0.tgz",
      "integrity": "sha512-PJWHUb1RFevKCwaFA9RlG5tCd+FO5iRh9A8HEtkmBH2Li03iJriB6m6JIN4rGz3K3JLawI7/veA1xzRKP6ISBw==",
      "dev": true,
      "engines": {
        "node": ">=0.3.1"
      }
    },
    "node_modules/globalyzer": {
      "version": "0.1.0",
      "resolved": "https://registry.npmjs.org/globalyzer/-/globalyzer-0.1.0.tgz",
      "integrity": "sha512-40oNTM9UfG6aBmuKxk/giHn5nQ8RVz/SS4Ir6zgzOv9/qC3kKZ9v4etGTcJbEl/NyVQH7FGU7d+X1egr57Md2Q==",
      "dev": true,
      "license": "MIT"
    },
    "node_modules/globrex": {
      "version": "0.1.2",
      "resolved": "https://registry.npmjs.org/globrex/-/globrex-0.1.2.tgz",
      "integrity": "sha512-uHJgbwAMwNFf5mLst7IWLNg14x1CkeqglJb/K3doi4dw6q2IvAAmM/Y81kevy83wP+Sst+nutFTYOGg3d1lsxg==",
      "dev": true,
      "license": "MIT"
    },
    "node_modules/has-flag": {
      "version": "4.0.0",
      "resolved": "https://registry.npmjs.org/has-flag/-/has-flag-4.0.0.tgz",
      "integrity": "sha512-EykJT/Q1KjTWctppgIAgfSO0tKVuZUjhgMr17kqTumMl6Afv3EISleU7qZUzoXDFTAHTDC4NOoG/ZxU3EvlMPQ==",
      "dev": true,
      "engines": {
        "node": ">=8"
      }
    },
    "node_modules/just-extend": {
      "version": "6.2.0",
      "resolved": "https://registry.npmjs.org/just-extend/-/just-extend-6.2.0.tgz",
      "integrity": "sha512-cYofQu2Xpom82S6qD778jBDpwvvy39s1l/hrYij2u9AMdQcGRpaBu6kY4mVhuno5kJVi1DAz4aiphA2WI1/OAw==",
      "dev": true
    },
    "node_modules/lodash.get": {
      "version": "4.4.2",
      "resolved": "https://registry.npmjs.org/lodash.get/-/lodash.get-4.4.2.tgz",
      "integrity": "sha512-z+Uw/vLuy6gQe8cfaFWD7p0wVv8fJl3mbzXh33RS+0oW2wvUqiRXiQ69gLWSLpgB5/6sU+r6BlQR0MBILadqTQ==",
      "dev": true
    },
    "node_modules/midimessage": {
      "version": "1.0.5",
      "resolved": "https://registry.npmjs.org/midimessage/-/midimessage-1.0.5.tgz",
      "integrity": "sha512-MPJ2tDupFOfZB5/PLp8fri1IS4fd9hPj0Bio//FBhWRQ+TsJA7/49CF1aJyraDxa0Jq8zMHAwrwXl2GINvLvgw==",
      "dev": true
    },
    "node_modules/nise": {
      "version": "6.1.1",
      "resolved": "https://registry.npmjs.org/nise/-/nise-6.1.1.tgz",
      "integrity": "sha512-aMSAzLVY7LyeM60gvBS423nBmIPP+Wy7St7hsb+8/fc1HmeoHJfLO8CKse4u3BtOZvQLJghYPI2i/1WZrEj5/g==",
      "dev": true,
      "dependencies": {
        "@sinonjs/commons": "^3.0.1",
        "@sinonjs/fake-timers": "^13.0.1",
        "@sinonjs/text-encoding": "^0.7.3",
        "just-extend": "^6.2.0",
        "path-to-regexp": "^8.1.0"
      }
    },
    "node_modules/node-watch": {
      "version": "0.7.3",
      "resolved": "https://registry.npmjs.org/node-watch/-/node-watch-0.7.3.tgz",
      "integrity": "sha512-3l4E8uMPY1HdMMryPRUAl+oIHtXtyiTlIiESNSVSNxcPfzAFzeTbXFQkZfAwBbo0B1qMSG8nUABx+Gd+YrbKrQ==",
      "dev": true,
      "license": "MIT",
      "engines": {
        "node": ">=6"
      }
    },
    "node_modules/note-parser": {
      "version": "2.0.1",
      "resolved": "https://registry.npmjs.org/note-parser/-/note-parser-2.0.1.tgz",
      "integrity": "sha512-w9o6Fv46y3NsFxeezTZSmftBtUM/ypme6iZWVrTJvvsD5RN+w0XNDePWtfreNrZFL3jSjBFhadPoXb+pJO4UdA==",
      "dev": true
    },
    "node_modules/path-to-regexp": {
      "version": "8.2.0",
      "resolved": "https://registry.npmjs.org/path-to-regexp/-/path-to-regexp-8.2.0.tgz",
      "integrity": "sha512-TdrF7fW9Rphjq4RjrW0Kp2AW0Ahwu9sRGTkS6bvDi0SCwZlEZYmcfDbEsTz8RVk0EHIS/Vd1bv3JhG+1xZuAyQ==",
      "dev": true,
      "engines": {
        "node": ">=16"
      }
    },
    "node_modules/qunit": {
      "version": "2.21.1",
      "resolved": "https://registry.npmjs.org/qunit/-/qunit-2.21.1.tgz",
      "integrity": "sha512-SMA8IBZamI9MyVB4dShGpn6+X6plO8mIyfZTQ815XBvv/nVMeUj+yxsw8SgZVnrMlrAvTziJkmjOhaDwkNMHWQ==",
      "dev": true,
      "license": "MIT",
      "dependencies": {
        "commander": "7.2.0",
        "node-watch": "0.7.3",
        "tiny-glob": "0.2.9"
      },
      "bin": {
        "qunit": "bin/qunit.js"
      },
      "engines": {
        "node": ">=10"
      }
    },
    "node_modules/sample-player": {
      "version": "0.5.5",
      "resolved": "https://registry.npmjs.org/sample-player/-/sample-player-0.5.5.tgz",
      "integrity": "sha512-VQ9pXPJ1m/eTH8QK6OQ8Dn/HSVToNyY9w9vnv+y/yjkJeRm87tJ/gBEm66jItfSLhKe6VG1DfX8+oT+Mg7QUpg==",
      "dev": true,
      "dependencies": {
        "adsr": "^1.0.0",
        "midimessage": "^1.0.5",
        "note-parser": "^1.1.0"
      }
    },
    "node_modules/sample-player/node_modules/note-parser": {
      "version": "1.1.0",
      "resolved": "https://registry.npmjs.org/note-parser/-/note-parser-1.1.0.tgz",
      "integrity": "sha512-YTqWQBsRp40EFrEznnkGtmx68gcgOQ8CdoBspqGBA3G1/4mJwIYbDe/vuNpX3oGX2DhP7b1dBgTmj7p3Zr0P1Q==",
      "dev": true
    },
    "node_modules/sinon": {
      "version": "19.0.2",
      "resolved": "https://registry.npmjs.org/sinon/-/sinon-19.0.2.tgz",
      "integrity": "sha512-euuToqM+PjO4UgXeLETsfQiuoyPXlqFezr6YZDFwHR3t4qaX0fZUe1MfPMznTL5f8BWrVS89KduLdMUsxFCO6g==",
      "dev": true,
      "dependencies": {
        "@sinonjs/commons": "^3.0.1",
        "@sinonjs/fake-timers": "^13.0.2",
        "@sinonjs/samsam": "^8.0.1",
        "diff": "^7.0.0",
        "nise": "^6.1.1",
        "supports-color": "^7.2.0"
      },
      "funding": {
        "type": "opencollective",
        "url": "https://opencollective.com/sinon"
      }
    },
    "node_modules/smplr": {
      "version": "0.15.1",
      "resolved": "https://registry.npmjs.org/smplr/-/smplr-0.15.1.tgz",
      "integrity": "sha512-V2ZqDE2R9dEhvv6e8iMwf0mGebfrxCu00L9CllfdcWadV+soDlW/81dnlRYkD7ZJlMjetDSlhJHMdDDLeqKHRg==",
      "engines": {
        "node": ">=14.0.0"
      }
    },
    "node_modules/soundfont-player": {
      "version": "0.12.0",
      "resolved": "https://registry.npmjs.org/soundfont-player/-/soundfont-player-0.12.0.tgz",
      "integrity": "sha512-8BJIsAt7h1PK3thSZDgF6zecgGhYkK74JnZO8WRZi3h34qG6H/DYlnv7cpRvL7Q9C8N6qld4Qwj7nJsX1gYjEA==",
      "dev": true,
      "dependencies": {
        "audio-loader": "^0.5.0",
        "note-parser": "^2.0.0",
        "sample-player": "^0.5.5"
      }
    },
    "node_modules/supports-color": {
      "version": "7.2.0",
      "resolved": "https://registry.npmjs.org/supports-color/-/supports-color-7.2.0.tgz",
      "integrity": "sha512-qpCAvRl9stuOHveKsn7HncJRvv501qIacKzQlO/+Lwxc9+0q2wLyv4Dfvt80/DPn2pqOBsJdDiogXGR9+OvwRw==",
      "dev": true,
      "dependencies": {
        "has-flag": "^4.0.0"
      },
      "engines": {
        "node": ">=8"
      }
    },
    "node_modules/tiny-glob": {
      "version": "0.2.9",
      "resolved": "https://registry.npmjs.org/tiny-glob/-/tiny-glob-0.2.9.tgz",
      "integrity": "sha512-g/55ssRPUjShh+xkfx9UPDXqhckHEsHr4Vd9zX55oSdGZc/MD0m3sferOkwWtp98bv+kcVfEHtRJgBVJzelrzg==",
      "dev": true,
      "license": "MIT",
      "dependencies": {
        "globalyzer": "0.1.0",
        "globrex": "^0.1.2"
      }
    },
    "node_modules/type-detect": {
      "version": "4.0.8",
      "resolved": "https://registry.npmjs.org/type-detect/-/type-detect-4.0.8.tgz",
      "integrity": "sha512-0fr/mIH1dlO+x7TlcMy+bIDqKPsw/70tVyeHW787goQjhmqaZe10uwLujubK9q9Lg6Fiho1KUKDYz0Z7k7g5/g==",
      "dev": true,
      "engines": {
        "node": ">=4"
      }
    }
  }
}
